// !$*UTF8*$!
{
	archiveVersion = 1;
	classes = {
	};
	objectVersion = 50;
	objects = {

/* Begin PBXBuildFile section */
		7E60E31421269E1C00D4CCCA /* AppDelegate.m in Sources */ = {isa = PBXBuildFile; fileRef = 7E60E31321269E1C00D4CCCA /* AppDelegate.m */; };
		7E60E31721269E1C00D4CCCA /* ViewController.m in Sources */ = {isa = PBXBuildFile; fileRef = 7E60E31621269E1C00D4CCCA /* ViewController.m */; };
		7E60E31A21269E1C00D4CCCA /* Main.storyboard in Resources */ = {isa = PBXBuildFile; fileRef = 7E60E31821269E1C00D4CCCA /* Main.storyboard */; };
		7E60E31C21269E1F00D4CCCA /* Assets.xcassets in Resources */ = {isa = PBXBuildFile; fileRef = 7E60E31B21269E1F00D4CCCA /* Assets.xcassets */; };
		7E60E31F21269E1F00D4CCCA /* LaunchScreen.storyboard in Resources */ = {isa = PBXBuildFile; fileRef = 7E60E31D21269E1F00D4CCCA /* LaunchScreen.storyboard */; };
		7E60E32221269E1F00D4CCCA /* main.m in Sources */ = {isa = PBXBuildFile; fileRef = 7E60E32121269E1F00D4CCCA /* main.m */; };
		9DD18779A0E1306601DDAA5F /* libPods-GPUImageTest.a in Frameworks */ = {isa = PBXBuildFile; fileRef = E497FC319D9FB97605F76A98 /* libPods-GPUImageTest.a */; };
/* End PBXBuildFile section */

/* Begin PBXFileReference section */
		030EF9650BCE86EE3EF477FC /* Pods-GPUImageTest.debug.xcconfig */ = {isa = PBXFileReference; includeInIndex = 1; lastKnownFileType = text.xcconfig; name = "Pods-GPUImageTest.debug.xcconfig"; path = "Pods/Target Support Files/Pods-GPUImageTest/Pods-GPUImageTest.debug.xcconfig"; sourceTree = "<group>"; };
		7E60E30F21269E1C00D4CCCA /* GPUImageTest.app */ = {isa = PBXFileReference; explicitFileType = wrapper.application; includeInIndex = 0; path = GPUImageTest.app; sourceTree = BUILT_PRODUCTS_DIR; };
		7E60E31221269E1C00D4CCCA /* AppDelegate.h */ = {isa = PBXFileReference; lastKnownFileType = sourcecode.c.h; path = AppDelegate.h; sourceTree = "<group>"; };
		7E60E31321269E1C00D4CCCA /* AppDelegate.m */ = {isa = PBXFileReference; lastKnownFileType = sourcecode.c.objc; path = AppDelegate.m; sourceTree = "<group>"; };
		7E60E31521269E1C00D4CCCA /* ViewController.h */ = {isa = PBXFileReference; lastKnownFileType = sourcecode.c.h; path = ViewController.h; sourceTree = "<group>"; };
		7E60E31621269E1C00D4CCCA /* ViewController.m */ = {isa = PBXFileReference; lastKnownFileType = sourcecode.c.objc; path = ViewController.m; sourceTree = "<group>"; };
		7E60E31921269E1C00D4CCCA /* Base */ = {isa = PBXFileReference; lastKnownFileType = file.storyboard; name = Base; path = Base.lproj/Main.storyboard; sourceTree = "<group>"; };
		7E60E31B21269E1F00D4CCCA /* Assets.xcassets */ = {isa = PBXFileReference; lastKnownFileType = folder.assetcatalog; path = Assets.xcassets; sourceTree = "<group>"; };
		7E60E31E21269E1F00D4CCCA /* Base */ = {isa = PBXFileReference; lastKnownFileType = file.storyboard; name = Base; path = Base.lproj/LaunchScreen.storyboard; sourceTree = "<group>"; };
		7E60E32021269E1F00D4CCCA /* Info.plist */ = {isa = PBXFileReference; lastKnownFileType = text.plist.xml; path = Info.plist; sourceTree = "<group>"; };
		7E60E32121269E1F00D4CCCA /* main.m */ = {isa = PBXFileReference; lastKnownFileType = sourcecode.c.objc; path = main.m; sourceTree = "<group>"; };
		7E60E3282126AD5F00D4CCCA /* ReadMe.h */ = {isa = PBXFileReference; lastKnownFileType = sourcecode.c.h; path = ReadMe.h; sourceTree = "<group>"; };
		B202FA572F9ABA872818797D /* Pods-GPUImageTest.release.xcconfig */ = {isa = PBXFileReference; includeInIndex = 1; lastKnownFileType = text.xcconfig; name = "Pods-GPUImageTest.release.xcconfig"; path = "Pods/Target Support Files/Pods-GPUImageTest/Pods-GPUImageTest.release.xcconfig"; sourceTree = "<group>"; };
		E497FC319D9FB97605F76A98 /* libPods-GPUImageTest.a */ = {isa = PBXFileReference; explicitFileType = archive.ar; includeInIndex = 0; path = "libPods-GPUImageTest.a"; sourceTree = BUILT_PRODUCTS_DIR; };
/* End PBXFileReference section */

/* Begin PBXFrameworksBuildPhase section */
		7E60E30C21269E1C00D4CCCA /* Frameworks */ = {
			isa = PBXFrameworksBuildPhase;
			buildActionMask = 2147483647;
			files = (
				9DD18779A0E1306601DDAA5F /* libPods-GPUImageTest.a in Frameworks */,
			);
			runOnlyForDeploymentPostprocessing = 0;
		};
/* End PBXFrameworksBuildPhase section */

/* Begin PBXGroup section */
		7E60E30621269E1C00D4CCCA = {
			isa = PBXGroup;
			children = (
				7E60E31121269E1C00D4CCCA /* GPUImageTest */,
				7E60E31021269E1C00D4CCCA /* Products */,
				BB38935686E3FC3B9A3B8C77 /* Pods */,
				88141093398E285DCE27E7A7 /* Frameworks */,
			);
			sourceTree = "<group>";
		};
		7E60E31021269E1C00D4CCCA /* Products */ = {
			isa = PBXGroup;
			children = (
				7E60E30F21269E1C00D4CCCA /* GPUImageTest.app */,
			);
			name = Products;
			sourceTree = "<group>";
		};
		7E60E31121269E1C00D4CCCA /* GPUImageTest */ = {
			isa = PBXGroup;
			children = (
				7E60E31221269E1C00D4CCCA /* AppDelegate.h */,
				7E60E31321269E1C00D4CCCA /* AppDelegate.m */,
				7E60E31521269E1C00D4CCCA /* ViewController.h */,
				7E60E31621269E1C00D4CCCA /* ViewController.m */,
				7E60E3282126AD5F00D4CCCA /* ReadMe.h */,
				7E60E31821269E1C00D4CCCA /* Main.storyboard */,
				7E60E31B21269E1F00D4CCCA /* Assets.xcassets */,
				7E60E31D21269E1F00D4CCCA /* LaunchScreen.storyboard */,
				7E60E32021269E1F00D4CCCA /* Info.plist */,
				7E60E32121269E1F00D4CCCA /* main.m */,
			);
			path = GPUImageTest;
			sourceTree = "<group>";
		};
		88141093398E285DCE27E7A7 /* Frameworks */ = {
			isa = PBXGroup;
			children = (
				E497FC319D9FB97605F76A98 /* libPods-GPUImageTest.a */,
			);
			name = Frameworks;
			sourceTree = "<group>";
		};
		BB38935686E3FC3B9A3B8C77 /* Pods */ = {
			isa = PBXGroup;
			children = (
				030EF9650BCE86EE3EF477FC /* Pods-GPUImageTest.debug.xcconfig */,
				B202FA572F9ABA872818797D /* Pods-GPUImageTest.release.xcconfig */,
			);
			name = Pods;
			sourceTree = "<group>";
		};
/* End PBXGroup section */

/* Begin PBXNativeTarget section */
		7E60E30E21269E1C00D4CCCA /* GPUImageTest */ = {
			isa = PBXNativeTarget;
			buildConfigurationList = 7E60E32521269E1F00D4CCCA /* Build configuration list for PBXNativeTarget "GPUImageTest" */;
			buildPhases = (
				10DF60D1DC19B882A0498D71 /* [CP] Check Pods Manifest.lock */,
				7E60E30B21269E1C00D4CCCA /* Sources */,
				7E60E30C21269E1C00D4CCCA /* Frameworks */,
				7E60E30D21269E1C00D4CCCA /* Resources */,
				7E756A819705FB2D3C5C55CF /* [CP] Copy Pods Resources */,
			);
			buildRules = (
			);
			dependencies = (
			);
			name = GPUImageTest;
			productName = GPUImageTest;
			productReference = 7E60E30F21269E1C00D4CCCA /* GPUImageTest.app */;
			productType = "com.apple.product-type.application";
		};
/* End PBXNativeTarget section */

/* Begin PBXProject section */
		7E60E30721269E1C00D4CCCA /* Project object */ = {
			isa = PBXProject;
			attributes = {
				LastUpgradeCheck = 0930;
				ORGANIZATIONNAME = huangjian;
				TargetAttributes = {
					7E60E30E21269E1C00D4CCCA = {
						CreatedOnToolsVersion = 9.3;
					};
				};
			};
			buildConfigurationList = 7E60E30A21269E1C00D4CCCA /* Build configuration list for PBXProject "GPUImageTest" */;
			compatibilityVersion = "Xcode 9.3";
			developmentRegion = en;
			hasScannedForEncodings = 0;
			knownRegions = (
				en,
				Base,
			);
			mainGroup = 7E60E30621269E1C00D4CCCA;
			productRefGroup = 7E60E31021269E1C00D4CCCA /* Products */;
			projectDirPath = "";
			projectRoot = "";
			targets = (
				7E60E30E21269E1C00D4CCCA /* GPUImageTest */,
			);
		};
/* End PBXProject section */

/* Begin PBXResourcesBuildPhase section */
		7E60E30D21269E1C00D4CCCA /* Resources */ = {
			isa = PBXResourcesBuildPhase;
			buildActionMask = 2147483647;
			files = (
				7E60E31F21269E1F00D4CCCA /* LaunchScreen.storyboard in Resources */,
				7E60E31C21269E1F00D4CCCA /* Assets.xcassets in Resources */,
				7E60E31A21269E1C00D4CCCA /* Main.storyboard in Resources */,
			);
			runOnlyForDeploymentPostprocessing = 0;
		};
/* End PBXResourcesBuildPhase section */

/* Begin PBXShellScriptBuildPhase section */
		10DF60D1DC19B882A0498D71 /* [CP] Check Pods Manifest.lock */ = {
			isa = PBXShellScriptBuildPhase;
			buildActionMask = 2147483647;
			files = (
			);
			inputPaths = (
				"${PODS_PODFILE_DIR_PATH}/Podfile.lock",
				"${PODS_ROOT}/Manifest.lock",
			);
			name = "[CP] Check Pods Manifest.lock";
			outputPaths = (
				"$(DERIVED_FILE_DIR)/Pods-GPUImageTest-checkManifestLockResult.txt",
			);
			runOnlyForDeploymentPostprocessing = 0;
			shellPath = /bin/sh;
			shellScript = "diff \"${PODS_PODFILE_DIR_PATH}/Podfile.lock\" \"${PODS_ROOT}/Manifest.lock\" > /dev/null\nif [ $? != 0 ] ; then\n    # print error to STDERR\n    echo \"error: The sandbox is not in sync with the Podfile.lock. Run 'pod install' or update your CocoaPods installation.\" >&2\n    exit 1\nfi\n# This output is used by Xcode 'outputs' to avoid re-running this script phase.\necho \"SUCCESS\" > \"${SCRIPT_OUTPUT_FILE_0}\"\n";
			showEnvVarsInLog = 0;
		};
		7E756A819705FB2D3C5C55CF /* [CP] Copy Pods Resources */ = {
			isa = PBXShellScriptBuildPhase;
			buildActionMask = 2147483647;
			files = (
			);
			inputPaths = (
				"${SRCROOT}/Pods/Target Support Files/Pods-GPUImageTest/Pods-GPUImageTest-resources.sh",
				"${PODS_ROOT}/GPUImage/framework/Resources/lookup.png",
				"${PODS_ROOT}/GPUImage/framework/Resources/lookup_amatorka.png",
				"${PODS_ROOT}/GPUImage/framework/Resources/lookup_miss_etikate.png",
				"${PODS_ROOT}/GPUImage/framework/Resources/lookup_soft_elegance_1.png",
				"${PODS_ROOT}/GPUImage/framework/Resources/lookup_soft_elegance_2.png",
			);
			name = "[CP] Copy Pods Resources";
			outputPaths = (
				"${TARGET_BUILD_DIR}/${UNLOCALIZED_RESOURCES_FOLDER_PATH}/lookup.png",
				"${TARGET_BUILD_DIR}/${UNLOCALIZED_RESOURCES_FOLDER_PATH}/lookup_amatorka.png",
				"${TARGET_BUILD_DIR}/${UNLOCALIZED_RESOURCES_FOLDER_PATH}/lookup_miss_etikate.png",
				"${TARGET_BUILD_DIR}/${UNLOCALIZED_RESOURCES_FOLDER_PATH}/lookup_soft_elegance_1.png",
				"${TARGET_BUILD_DIR}/${UNLOCALIZED_RESOURCES_FOLDER_PATH}/lookup_soft_elegance_2.png",
			);
			runOnlyForDeploymentPostprocessing = 0;
			shellPath = /bin/sh;
			shellScript = "\"${SRCROOT}/Pods/Target Support Files/Pods-GPUImageTest/Pods-GPUImageTest-resources.sh\"\n";
			showEnvVarsInLog = 0;
		};
/* End PBXShellScriptBuildPhase section */

/* Begin PBXSourcesBuildPhase section */
		7E60E30B21269E1C00D4CCCA /* Sources */ = {
			isa = PBXSourcesBuildPhase;
			buildActionMask = 2147483647;
			files = (
				7E60E31721269E1C00D4CCCA /* ViewController.m in Sources */,
				7E60E32221269E1F00D4CCCA /* main.m in Sources */,
				7E60E31421269E1C00D4CCCA /* AppDelegate.m in Sources */,
			);
			runOnlyForDeploymentPostprocessing = 0;
		};
/* End PBXSourcesBuildPhase section */

/* Begin PBXVariantGroup section */
		7E60E31821269E1C00D4CCCA /* Main.storyboard */ = {
			isa = PBXVariantGroup;
			children = (
				7E60E31921269E1C00D4CCCA /* Base */,
			);
			name = Main.storyboard;
			sourceTree = "<group>";
		};
		7E60E31D21269E1F00D4CCCA /* LaunchScreen.storyboard */ = {
			isa = PBXVariantGroup;
			children = (
				7E60E31E21269E1F00D4CCCA /* Base */,
			);
			name = LaunchScreen.storyboard;
			sourceTree = "<group>";
		};
/* End PBXVariantGroup section */

/* Begin XCBuildConfiguration section */
		7E60E32321269E1F00D4CCCA /* Debug */ = {
			isa = XCBuildConfiguration;
			buildSettings = {
				ALWAYS_SEARCH_USER_PATHS = NO;
				CLANG_ANALYZER_NONNULL = YES;
				CLANG_ANALYZER_NUMBER_OBJECT_CONVERSION = YES_AGGRESSIVE;
				CLANG_CXX_LANGUAGE_STANDARD = "gnu++14";
				CLANG_CXX_LIBRARY = "libc++";
				CLANG_ENABLE_MODULES = YES;
				CLANG_ENABLE_OBJC_ARC = YES;
				CLANG_ENABLE_OBJC_WEAK = YES;
				CLANG_WARN_BLOCK_CAPTURE_AUTORELEASING = YES;
				CLANG_WARN_BOOL_CONVERSION = YES;
				CLANG_WARN_COMMA = YES;
				CLANG_WARN_CONSTANT_CONVERSION = YES;
				CLANG_WARN_DEPRECATED_OBJC_IMPLEMENTATIONS = YES;
				CLANG_WARN_DIRECT_OBJC_ISA_USAGE = YES_ERROR;
				CLANG_WARN_DOCUMENTATION_COMMENTS = YES;
				CLANG_WARN_EMPTY_BODY = YES;
				CLANG_WARN_ENUM_CONVERSION = YES;
				CLANG_WARN_INFINITE_RECURSION = YES;
				CLANG_WARN_INT_CONVERSION = YES;
				CLANG_WARN_NON_LITERAL_NULL_CONVERSION = YES;
				CLANG_WARN_OBJC_IMPLICIT_RETAIN_SELF = YES;
				CLANG_WARN_OBJC_LITERAL_CONVERSION = YES;
				CLANG_WARN_OBJC_ROOT_CLASS = YES_ERROR;
				CLANG_WARN_RANGE_LOOP_ANALYSIS = YES;
				CLANG_WARN_STRICT_PROTOTYPES = YES;
				CLANG_WARN_SUSPICIOUS_MOVE = YES;
				CLANG_WARN_UNGUARDED_AVAILABILITY = YES_AGGRESSIVE;
				CLANG_WARN_UNREACHABLE_CODE = YES;
				CLANG_WARN__DUPLICATE_METHOD_MATCH = YES;
				CODE_SIGN_IDENTITY = "iPhone Developer";
				COPY_PHASE_STRIP = NO;
				DEBUG_INFORMATION_FORMAT = dwarf;
				ENABLE_STRICT_OBJC_MSGSEND = YES;
				ENABLE_TESTABILITY = YES;
				GCC_C_LANGUAGE_STANDARD = gnu11;
				GCC_DYNAMIC_NO_PIC = NO;
				GCC_NO_COMMON_BLOCKS = YES;
				GCC_OPTIMIZATION_LEVEL = 0;
				GCC_PREPROCESSOR_DEFINITIONS = (
					"DEBUG=1",
					"$(inherited)",
				);
				GCC_WARN_64_TO_32_BIT_CONVERSION = YES;
				GCC_WARN_ABOUT_RETURN_TYPE = YES_ERROR;
				GCC_WARN_UNDECLARED_SELECTOR = YES;
				GCC_WARN_UNINITIALIZED_AUTOS = YES_AGGRESSIVE;
				GCC_WARN_UNUSED_FUNCTION = YES;
				GCC_WARN_UNUSED_VARIABLE = YES;
				IPHONEOS_DEPLOYMENT_TARGET = 11.3;
				MTL_ENABLE_DEBUG_INFO = YES;
				ONLY_ACTIVE_ARCH = YES;
				SDKROOT = iphoneos;
			};
			name = Debug;
		};
		7E60E32421269E1F00D4CCCA /* Release */ = {
			isa = XCBuildConfiguration;
			buildSettings = {
				ALWAYS_SEARCH_USER_PATHS = NO;
				CLANG_ANALYZER_NONNULL = YES;
				CLANG_ANALYZER_NUMBER_OBJECT_CONVERSION = YES_AGGRESSIVE;
				CLANG_CXX_LANGUAGE_STANDARD = "gnu++14";
				CLANG_CXX_LIBRARY = "libc++";
				CLANG_ENABLE_MODULES = YES;
				CLANG_ENABLE_OBJC_ARC = YES;
				CLANG_ENABLE_OBJC_WEAK = YES;
				CLANG_WARN_BLOCK_CAPTURE_AUTORELEASING = YES;
				CLANG_WARN_BOOL_CONVERSION = YES;
				CLANG_WARN_COMMA = YES;
				CLANG_WARN_CONSTANT_CONVERSION = YES;
				CLANG_WARN_DEPRECATED_OBJC_IMPLEMENTATIONS = YES;
				CLANG_WARN_DIRECT_OBJC_ISA_USAGE = YES_ERROR;
				CLANG_WARN_DOCUMENTATION_COMMENTS = YES;
				CLANG_WARN_EMPTY_BODY = YES;
				CLANG_WARN_ENUM_CONVERSION = YES;
				CLANG_WARN_INFINITE_RECURSION = YES;
				CLANG_WARN_INT_CONVERSION = YES;
				CLANG_WARN_NON_LITERAL_NULL_CONVERSION = YES;
				CLANG_WARN_OBJC_IMPLICIT_RETAIN_SELF = YES;
				CLANG_WARN_OBJC_LITERAL_CONVERSION = YES;
				CLANG_WARN_OBJC_ROOT_CLASS = YES_ERROR;
				CLANG_WARN_RANGE_LOOP_ANALYSIS = YES;
				CLANG_WARN_STRICT_PROTOTYPES = YES;
				CLANG_WARN_SUSPICIOUS_MOVE = YES;
				CLANG_WARN_UNGUARDED_AVAILABILITY = YES_AGGRESSIVE;
				CLANG_WARN_UNREACHABLE_CODE = YES;
				CLANG_WARN__DUPLICATE_METHOD_MATCH = YES;
				CODE_SIGN_IDENTITY = "iPhone Developer";
				COPY_PHASE_STRIP = NO;
				DEBUG_INFORMATION_FORMAT = "dwarf-with-dsym";
				ENABLE_NS_ASSERTIONS = NO;
				ENABLE_STRICT_OBJC_MSGSEND = YES;
				GCC_C_LANGUAGE_STANDARD = gnu11;
				GCC_NO_COMMON_BLOCKS = YES;
				GCC_WARN_64_TO_32_BIT_CONVERSION = YES;
				GCC_WARN_ABOUT_RETURN_TYPE = YES_ERROR;
				GCC_WARN_UNDECLARED_SELECTOR = YES;
				GCC_WARN_UNINITIALIZED_AUTOS = YES_AGGRESSIVE;
				GCC_WARN_UNUSED_FUNCTION = YES;
				GCC_WARN_UNUSED_VARIABLE = YES;
				IPHONEOS_DEPLOYMENT_TARGET = 11.3;
				MTL_ENABLE_DEBUG_INFO = NO;
				SDKROOT = iphoneos;
				VALIDATE_PRODUCT = YES;
			};
			name = Release;
		};
		7E60E32621269E1F00D4CCCA /* Debug */ = {
			isa = XCBuildConfiguration;
			baseConfigurationReference = 030EF9650BCE86EE3EF477FC /* Pods-GPUImageTest.debug.xcconfig */;
			buildSettings = {
				ASSETCATALOG_COMPILER_APPICON_NAME = AppIcon;
				CODE_SIGN_STYLE = Automatic;
				DEVELOPMENT_TEAM = F49XPGKUF7;
				INFOPLIST_FILE = GPUImageTest/Info.plist;
				IPHONEOS_DEPLOYMENT_TARGET = 9.3;
				LD_RUNPATH_SEARCH_PATHS = (
					"$(inherited)",
					"@executable_path/Frameworks",
				);
				PRODUCT_BUNDLE_IDENTIFIER = com.atomi.atomi111;
				PRODUCT_NAME = "$(TARGET_NAME)";
				TARGETED_DEVICE_FAMILY = "1,2";
			};
			name = Debug;
		};
		7E60E32721269E1F00D4CCCA /* Release */ = {
			isa = XCBuildConfiguration;
			baseConfigurationReference = B202FA572F9ABA872818797D /* Pods-GPUImageTest.release.xcconfig */;
			buildSettings = {
				ASSETCATALOG_COMPILER_APPICON_NAME = AppIcon;
				CODE_SIGN_STYLE = Automatic;
				DEVELOPMENT_TEAM = F49XPGKUF7;
				INFOPLIST_FILE = GPUImageTest/Info.plist;
				IPHONEOS_DEPLOYMENT_TARGET = 9.3;
				LD_RUNPATH_SEARCH_PATHS = (
					"$(inherited)",
					"@executable_path/Frameworks",
				);
				PRODUCT_BUNDLE_IDENTIFIER = com.atomi.atomi111;
				PRODUCT_NAME = "$(TARGET_NAME)";
				TARGETED_DEVICE_FAMILY = "1,2";
			};
			name = Release;
		};
/* End XCBuildConfiguration section */

/* Begin XCConfigurationList section */
		7E60E30A21269E1C00D4CCCA /* Build configuration list for PBXProject "GPUImageTest" */ = {
			isa = XCConfigurationList;
			buildConfigurations = (
				7E60E32321269E1F00D4CCCA /* Debug */,
				7E60E32421269E1F00D4CCCA /* Release */,
			);
			defaultConfigurationIsVisible = 0;
			defaultConfigurationName = Release;
		};
		7E60E32521269E1F00D4CCCA /* Build configuration list for PBXNativeTarget "GPUImageTest" */ = {
			isa = XCConfigurationList;
			buildConfigurations = (
				7E60E32621269E1F00D4CCCA /* Debug */,
				7E60E32721269E1F00D4CCCA /* Release */,
			);
			defaultConfigurationIsVisible = 0;
			defaultConfigurationName = Release;
		};
/* End XCConfigurationList section */
	};
	rootObject = 7E60E30721269E1C00D4CCCA /* Project object */;
}
